// !$*UTF8*$!
{
	archiveVersion = 1;
	classes = {
	};
	objectVersion = 46;
	objects = {

/* Begin PBXBuildFile section */
		6C519D6515790E0F00088700 /* nexttrack@2x.png in Resources */ = {isa = PBXBuildFile; fileRef = 6C519D4F15790E0F00088700 /* nexttrack@2x.png */; };
		6C519D6615790E0F00088700 /* noartplaceholder@2x.png in Resources */ = {isa = PBXBuildFile; fileRef = 6C519D5015790E0F00088700 /* noartplaceholder@2x.png */; };
		6C519D6715790E0F00088700 /* pause@2x.png in Resources */ = {isa = PBXBuildFile; fileRef = 6C519D5115790E0F00088700 /* pause@2x.png */; };
		6C519D6815790E0F00088700 /* play@2x.png in Resources */ = {isa = PBXBuildFile; fileRef = 6C519D5215790E0F00088700 /* play@2x.png */; };
		6C519D6915790E0F00088700 /* prevtrack@2x.png in Resources */ = {isa = PBXBuildFile; fileRef = 6C519D5315790E0F00088700 /* prevtrack@2x.png */; };
		6C519D6A15790E0F00088700 /* repeat_off@2x.png in Resources */ = {isa = PBXBuildFile; fileRef = 6C519D5415790E0F00088700 /* repeat_off@2x.png */; };
		6C519D6B15790E0F00088700 /* repeat_on_1@2x.png in Resources */ = {isa = PBXBuildFile; fileRef = 6C519D5515790E0F00088700 /* repeat_on_1@2x.png */; };
		6C519D6C15790E0F00088700 /* repeat_on@2x.png in Resources */ = {isa = PBXBuildFile; fileRef = 6C519D5615790E0F00088700 /* repeat_on@2x.png */; };
		6C519D6D15790E0F00088700 /* scrubberglow@2x.png in Resources */ = {isa = PBXBuildFile; fileRef = 6C519D5715790E0F00088700 /* scrubberglow@2x.png */; };
		6C519D6E15790E0F00088700 /* shadow_highlight.png in Resources */ = {isa = PBXBuildFile; fileRef = 6C519D5815790E0F00088700 /* shadow_highlight.png */; };
		6C519D6F15790E0F00088700 /* shadow.png in Resources */ = {isa = PBXBuildFile; fileRef = 6C519D5915790E0F00088700 /* shadow.png */; };
		6C519D7015790E0F00088700 /* shuffle_off@2x.png in Resources */ = {isa = PBXBuildFile; fileRef = 6C519D5A15790E0F00088700 /* shuffle_off@2x.png */; };
		6C519D7115790E0F00088700 /* shuffle_on@2x.png in Resources */ = {isa = PBXBuildFile; fileRef = 6C519D5B15790E0F00088700 /* shuffle_on@2x.png */; };
		6C519D7215790E0F00088700 /* volume-slider-fat-filled@2x.png in Resources */ = {isa = PBXBuildFile; fileRef = 6C519D5C15790E0F00088700 /* volume-slider-fat-filled@2x.png */; };
		6C519D7315790E0F00088700 /* volume-slider-fat-unfilled@2x.png in Resources */ = {isa = PBXBuildFile; fileRef = 6C519D5D15790E0F00088700 /* volume-slider-fat-unfilled@2x.png */; };
		6C519D7415790E0F00088700 /* VolumeBlueCap@2x.png in Resources */ = {isa = PBXBuildFile; fileRef = 6C519D5E15790E0F00088700 /* VolumeBlueCap@2x.png */; };
		6C519D7515790E0F00088700 /* VolumeBlueFill@2x.png in Resources */ = {isa = PBXBuildFile; fileRef = 6C519D5F15790E0F00088700 /* VolumeBlueFill@2x.png */; };
		6C519D7615790E0F00088700 /* VolumeBlueTrack@2x.png in Resources */ = {isa = PBXBuildFile; fileRef = 6C519D6015790E0F00088700 /* VolumeBlueTrack@2x.png */; };
		6C519D7715790E0F00088700 /* VolumeKnob@2x.png in Resources */ = {isa = PBXBuildFile; fileRef = 6C519D6115790E0F00088700 /* VolumeKnob@2x.png */; };
		6C519D7815790E0F00088700 /* VolumeWhiteMusicCap@2x.png in Resources */ = {isa = PBXBuildFile; fileRef = 6C519D6215790E0F00088700 /* VolumeWhiteMusicCap@2x.png */; };
		6C519D7915790E0F00088700 /* VolumeWhiteMusicFill@2x.png in Resources */ = {isa = PBXBuildFile; fileRef = 6C519D6315790E0F00088700 /* VolumeWhiteMusicFill@2x.png */; };
		6C519D7A15790E0F00088700 /* VolumeWhiteTrack@2x.png in Resources */ = {isa = PBXBuildFile; fileRef = 6C519D6415790E0F00088700 /* VolumeWhiteTrack@2x.png */; };
		6C519D7D157910A000088700 /* Icon.png in Resources */ = {isa = PBXBuildFile; fileRef = 6C519D7B157910A000088700 /* Icon.png */; };
		6C519D7E157910A000088700 /* Icon@2x.png in Resources */ = {isa = PBXBuildFile; fileRef = 6C519D7C157910A000088700 /* Icon@2x.png */; };
		6C519D871579145A00088700 /* TPLocalMusicViewController.m in Sources */ = {isa = PBXBuildFile; fileRef = 6C519D851579145A00088700 /* TPLocalMusicViewController.m */; };
		6C519D881579145A00088700 /* TPLocalMusicViewController.xib in Resources */ = {isa = PBXBuildFile; fileRef = 6C519D861579145A00088700 /* TPLocalMusicViewController.xib */; };
		6CCD4B1C157A6074001D7C72 /* TPiPodProvider.m in Sources */ = {isa = PBXBuildFile; fileRef = 6CCD4B1B157A6073001D7C72 /* TPiPodProvider.m */; };
		6CCD4B21157A664C001D7C72 /* audio_btn_airplay_blue_h.png in Resources */ = {isa = PBXBuildFile; fileRef = 6CCD4B1D157A664C001D7C72 /* audio_btn_airplay_blue_h.png */; };
		6CCD4B22157A664C001D7C72 /* audio_btn_airplay_blue_h@2x.png in Resources */ = {isa = PBXBuildFile; fileRef = 6CCD4B1E157A664C001D7C72 /* audio_btn_airplay_blue_h@2x.png */; };
		6CCD4B23157A664C001D7C72 /* cell_song.png in Resources */ = {isa = PBXBuildFile; fileRef = 6CCD4B1F157A664C001D7C72 /* cell_song.png */; };
		6CCD4B24157A664C001D7C72 /* cell_song@2x.png in Resources */ = {isa = PBXBuildFile; fileRef = 6CCD4B20157A664C001D7C72 /* cell_song@2x.png */; };
		6CCD4B3C157A6D2F001D7C72 /* AVFoundation.framework in Frameworks */ = {isa = PBXBuildFile; fileRef = 6CCD4B3B157A6D2F001D7C72 /* AVFoundation.framework */; };
		6CCD4B3E157A7871001D7C72 /* CoreMedia.framework in Frameworks */ = {isa = PBXBuildFile; fileRef = 6CCD4B3D157A7871001D7C72 /* CoreMedia.framework */; };
		A96018771579F70800ED697F /* TPMusicPlayerViewController.m in Sources */ = {isa = PBXBuildFile; fileRef = A96018741579F70800ED697F /* TPMusicPlayerViewController.m */; };
		A96018781579F70800ED697F /* TPMusicPlayerViewController.xib in Resources */ = {isa = PBXBuildFile; fileRef = A96018751579F70800ED697F /* TPMusicPlayerViewController.xib */; };
		A96018811579F8E000ED697F /* AutoScrollLabel.m in Sources */ = {isa = PBXBuildFile; fileRef = A960187A1579F8E000ED697F /* AutoScrollLabel.m */; };
		A96018821579F8E000ED697F /* NSDateFormatter+Duration.m in Sources */ = {isa = PBXBuildFile; fileRef = A960187C1579F8E000ED697F /* NSDateFormatter+Duration.m */; };
		A96018831579F8E000ED697F /* OBSlider.m in Sources */ = {isa = PBXBuildFile; fileRef = A960187E1579F8E000ED697F /* OBSlider.m */; };
		A96018841579F8E000ED697F /* UIImageView+Reflection.m in Sources */ = {isa = PBXBuildFile; fileRef = A96018801579F8E000ED697F /* UIImageView+Reflection.m */; };
		A96018861579F99300ED697F /* MediaPlayer.framework in Frameworks */ = {isa = PBXBuildFile; fileRef = A96018851579F99300ED697F /* MediaPlayer.framework */; };
		A96018881579FAD800ED697F /* QuartzCore.framework in Frameworks */ = {isa = PBXBuildFile; fileRef = A96018871579FAD800ED697F /* QuartzCore.framework */; };
		A960188B157A4AEE00ED697F /* backbutton@2x.png in Resources */ = {isa = PBXBuildFile; fileRef = A9601889157A4AED00ED697F /* backbutton@2x.png */; };
		A960188C157A4AEE00ED697F /* fade_overlay@2x.png in Resources */ = {isa = PBXBuildFile; fileRef = A960188A157A4AED00ED697F /* fade_overlay@2x.png */; };
		A9F7133015775F33004283F7 /* UIKit.framework in Frameworks */ = {isa = PBXBuildFile; fileRef = A9F7132F15775F33004283F7 /* UIKit.framework */; };
		A9F7133215775F33004283F7 /* Foundation.framework in Frameworks */ = {isa = PBXBuildFile; fileRef = A9F7133115775F33004283F7 /* Foundation.framework */; };
		A9F7133415775F33004283F7 /* CoreGraphics.framework in Frameworks */ = {isa = PBXBuildFile; fileRef = A9F7133315775F33004283F7 /* CoreGraphics.framework */; };
		A9F7133A15775F33004283F7 /* InfoPlist.strings in Resources */ = {isa = PBXBuildFile; fileRef = A9F7133815775F33004283F7 /* InfoPlist.strings */; };
		A9F7133C15775F33004283F7 /* main.m in Sources */ = {isa = PBXBuildFile; fileRef = A9F7133B15775F33004283F7 /* main.m */; };
		A9F7134015775F33004283F7 /* AppDelegate.m in Sources */ = {isa = PBXBuildFile; fileRef = A9F7133F15775F33004283F7 /* AppDelegate.m */; };
		A9F7134515775F34004283F7 /* first.png in Resources */ = {isa = PBXBuildFile; fileRef = A9F7134415775F34004283F7 /* first.png */; };
		A9F7134715775F34004283F7 /* first@2x.png in Resources */ = {isa = PBXBuildFile; fileRef = A9F7134615775F34004283F7 /* first@2x.png */; };
		A9F7134C15775F34004283F7 /* second.png in Resources */ = {isa = PBXBuildFile; fileRef = A9F7134B15775F34004283F7 /* second.png */; };
		A9F7134E15775F34004283F7 /* second@2x.png in Resources */ = {isa = PBXBuildFile; fileRef = A9F7134D15775F34004283F7 /* second@2x.png */; };
		A9F713761579EE7A004283F7 /* TPEmptyViewController.m in Sources */ = {isa = PBXBuildFile; fileRef = A9F713741579EE7A004283F7 /* TPEmptyViewController.m */; };
		A9F713771579EE7A004283F7 /* TPEmptyViewController.xib in Resources */ = {isa = PBXBuildFile; fileRef = A9F713751579EE7A004283F7 /* TPEmptyViewController.xib */; };
/* End PBXBuildFile section */

/* Begin PBXFileReference section */
		6C519D4F15790E0F00088700 /* nexttrack@2x.png */ = {isa = PBXFileReference; lastKnownFileType = image.png; name = "nexttrack@2x.png"; path = "Resources/nexttrack@2x.png"; sourceTree = "<group>"; };
		6C519D5015790E0F00088700 /* noartplaceholder@2x.png */ = {isa = PBXFileReference; lastKnownFileType = image.png; name = "noartplaceholder@2x.png"; path = "Resources/noartplaceholder@2x.png"; sourceTree = "<group>"; };
		6C519D5115790E0F00088700 /* pause@2x.png */ = {isa = PBXFileReference; lastKnownFileType = image.png; name = "pause@2x.png"; path = "Resources/pause@2x.png"; sourceTree = "<group>"; };
		6C519D5215790E0F00088700 /* play@2x.png */ = {isa = PBXFileReference; lastKnownFileType = image.png; name = "play@2x.png"; path = "Resources/play@2x.png"; sourceTree = "<group>"; };
		6C519D5315790E0F00088700 /* prevtrack@2x.png */ = {isa = PBXFileReference; lastKnownFileType = image.png; name = "prevtrack@2x.png"; path = "Resources/prevtrack@2x.png"; sourceTree = "<group>"; };
		6C519D5415790E0F00088700 /* repeat_off@2x.png */ = {isa = PBXFileReference; lastKnownFileType = image.png; name = "repeat_off@2x.png"; path = "Resources/repeat_off@2x.png"; sourceTree = "<group>"; };
		6C519D5515790E0F00088700 /* repeat_on_1@2x.png */ = {isa = PBXFileReference; lastKnownFileType = image.png; name = "repeat_on_1@2x.png"; path = "Resources/repeat_on_1@2x.png"; sourceTree = "<group>"; };
		6C519D5615790E0F00088700 /* repeat_on@2x.png */ = {isa = PBXFileReference; lastKnownFileType = image.png; name = "repeat_on@2x.png"; path = "Resources/repeat_on@2x.png"; sourceTree = "<group>"; };
		6C519D5715790E0F00088700 /* scrubberglow@2x.png */ = {isa = PBXFileReference; lastKnownFileType = image.png; name = "scrubberglow@2x.png"; path = "Resources/scrubberglow@2x.png"; sourceTree = "<group>"; };
		6C519D5815790E0F00088700 /* shadow_highlight.png */ = {isa = PBXFileReference; lastKnownFileType = image.png; name = shadow_highlight.png; path = Resources/shadow_highlight.png; sourceTree = "<group>"; };
		6C519D5915790E0F00088700 /* shadow.png */ = {isa = PBXFileReference; lastKnownFileType = image.png; name = shadow.png; path = Resources/shadow.png; sourceTree = "<group>"; };
		6C519D5A15790E0F00088700 /* shuffle_off@2x.png */ = {isa = PBXFileReference; lastKnownFileType = image.png; name = "shuffle_off@2x.png"; path = "Resources/shuffle_off@2x.png"; sourceTree = "<group>"; };
		6C519D5B15790E0F00088700 /* shuffle_on@2x.png */ = {isa = PBXFileReference; lastKnownFileType = image.png; name = "shuffle_on@2x.png"; path = "Resources/shuffle_on@2x.png"; sourceTree = "<group>"; };
		6C519D5C15790E0F00088700 /* volume-slider-fat-filled@2x.png */ = {isa = PBXFileReference; lastKnownFileType = image.png; name = "volume-slider-fat-filled@2x.png"; path = "Resources/volume-slider-fat-filled@2x.png"; sourceTree = "<group>"; };
		6C519D5D15790E0F00088700 /* volume-slider-fat-unfilled@2x.png */ = {isa = PBXFileReference; lastKnownFileType = image.png; name = "volume-slider-fat-unfilled@2x.png"; path = "Resources/volume-slider-fat-unfilled@2x.png"; sourceTree = "<group>"; };
		6C519D5E15790E0F00088700 /* VolumeBlueCap@2x.png */ = {isa = PBXFileReference; lastKnownFileType = image.png; name = "VolumeBlueCap@2x.png"; path = "Resources/VolumeBlueCap@2x.png"; sourceTree = "<group>"; };
		6C519D5F15790E0F00088700 /* VolumeBlueFill@2x.png */ = {isa = PBXFileReference; lastKnownFileType = image.png; name = "VolumeBlueFill@2x.png"; path = "Resources/VolumeBlueFill@2x.png"; sourceTree = "<group>"; };
		6C519D6015790E0F00088700 /* VolumeBlueTrack@2x.png */ = {isa = PBXFileReference; lastKnownFileType = image.png; name = "VolumeBlueTrack@2x.png"; path = "Resources/VolumeBlueTrack@2x.png"; sourceTree = "<group>"; };
		6C519D6115790E0F00088700 /* VolumeKnob@2x.png */ = {isa = PBXFileReference; lastKnownFileType = image.png; name = "VolumeKnob@2x.png"; path = "Resources/VolumeKnob@2x.png"; sourceTree = "<group>"; };
		6C519D6215790E0F00088700 /* VolumeWhiteMusicCap@2x.png */ = {isa = PBXFileReference; lastKnownFileType = image.png; name = "VolumeWhiteMusicCap@2x.png"; path = "Resources/VolumeWhiteMusicCap@2x.png"; sourceTree = "<group>"; };
		6C519D6315790E0F00088700 /* VolumeWhiteMusicFill@2x.png */ = {isa = PBXFileReference; lastKnownFileType = image.png; name = "VolumeWhiteMusicFill@2x.png"; path = "Resources/VolumeWhiteMusicFill@2x.png"; sourceTree = "<group>"; };
		6C519D6415790E0F00088700 /* VolumeWhiteTrack@2x.png */ = {isa = PBXFileReference; lastKnownFileType = image.png; name = "VolumeWhiteTrack@2x.png"; path = "Resources/VolumeWhiteTrack@2x.png"; sourceTree = "<group>"; };
		6C519D7B157910A000088700 /* Icon.png */ = {isa = PBXFileReference; lastKnownFileType = image.png; name = Icon.png; path = Resources/Icon.png; sourceTree = "<group>"; };
		6C519D7C157910A000088700 /* Icon@2x.png */ = {isa = PBXFileReference; lastKnownFileType = image.png; name = "Icon@2x.png"; path = "Resources/Icon@2x.png"; sourceTree = "<group>"; };
		6C519D841579145A00088700 /* TPLocalMusicViewController.h */ = {isa = PBXFileReference; fileEncoding = 4; lastKnownFileType = sourcecode.c.h; name = TPLocalMusicViewController.h; path = Controllers/TPLocalMusicViewController.h; sourceTree = "<group>"; };
		6C519D851579145A00088700 /* TPLocalMusicViewController.m */ = {isa = PBXFileReference; fileEncoding = 4; lastKnownFileType = sourcecode.c.objc; name = TPLocalMusicViewController.m; path = Controllers/TPLocalMusicViewController.m; sourceTree = "<group>"; };
		6C519D861579145A00088700 /* TPLocalMusicViewController.xib */ = {isa = PBXFileReference; fileEncoding = 4; lastKnownFileType = file.xib; name = TPLocalMusicViewController.xib; path = Controllers/TPLocalMusicViewController.xib; sourceTree = "<group>"; };
		6CCD4B1A157A6073001D7C72 /* TPiPodProvider.h */ = {isa = PBXFileReference; fileEncoding = 4; lastKnownFileType = sourcecode.c.h; name = TPiPodProvider.h; path = MusicPlayer/TPiPodProvider.h; sourceTree = "<group>"; };
		6CCD4B1B157A6073001D7C72 /* TPiPodProvider.m */ = {isa = PBXFileReference; fileEncoding = 4; lastKnownFileType = sourcecode.c.objc; name = TPiPodProvider.m; path = MusicPlayer/TPiPodProvider.m; sourceTree = "<group>"; };
		6CCD4B1D157A664C001D7C72 /* audio_btn_airplay_blue_h.png */ = {isa = PBXFileReference; lastKnownFileType = image.png; name = audio_btn_airplay_blue_h.png; path = Resources/audio_btn_airplay_blue_h.png; sourceTree = "<group>"; };
		6CCD4B1E157A664C001D7C72 /* audio_btn_airplay_blue_h@2x.png */ = {isa = PBXFileReference; lastKnownFileType = image.png; name = "audio_btn_airplay_blue_h@2x.png"; path = "Resources/audio_btn_airplay_blue_h@2x.png"; sourceTree = "<group>"; };
		6CCD4B1F157A664C001D7C72 /* cell_song.png */ = {isa = PBXFileReference; lastKnownFileType = image.png; name = cell_song.png; path = Resources/cell_song.png; sourceTree = "<group>"; };
		6CCD4B20157A664C001D7C72 /* cell_song@2x.png */ = {isa = PBXFileReference; lastKnownFileType = image.png; name = "cell_song@2x.png"; path = "Resources/cell_song@2x.png"; sourceTree = "<group>"; };
		6CCD4B3B157A6D2F001D7C72 /* AVFoundation.framework */ = {isa = PBXFileReference; lastKnownFileType = wrapper.framework; name = AVFoundation.framework; path = System/Library/Frameworks/AVFoundation.framework; sourceTree = SDKROOT; };
		6CCD4B3D157A7871001D7C72 /* CoreMedia.framework */ = {isa = PBXFileReference; lastKnownFileType = wrapper.framework; name = CoreMedia.framework; path = System/Library/Frameworks/CoreMedia.framework; sourceTree = SDKROOT; };
		A96018711579F70800ED697F /* TPMusicPlayerDataSource.h */ = {isa = PBXFileReference; fileEncoding = 4; lastKnownFileType = sourcecode.c.h; name = TPMusicPlayerDataSource.h; path = MusicPlayer/TPMusicPlayerDataSource.h; sourceTree = "<group>"; };
		A96018721579F70800ED697F /* TPMusicPlayerDelegate.h */ = {isa = PBXFileReference; fileEncoding = 4; lastKnownFileType = sourcecode.c.h; name = TPMusicPlayerDelegate.h; path = MusicPlayer/TPMusicPlayerDelegate.h; sourceTree = "<group>"; };
		A96018731579F70800ED697F /* TPMusicPlayerViewController.h */ = {isa = PBXFileReference; fileEncoding = 4; lastKnownFileType = sourcecode.c.h; name = TPMusicPlayerViewController.h; path = MusicPlayer/TPMusicPlayerViewController.h; sourceTree = "<group>"; };
		A96018741579F70800ED697F /* TPMusicPlayerViewController.m */ = {isa = PBXFileReference; fileEncoding = 4; lastKnownFileType = sourcecode.c.objc; name = TPMusicPlayerViewController.m; path = MusicPlayer/TPMusicPlayerViewController.m; sourceTree = "<group>"; };
		A96018751579F70800ED697F /* TPMusicPlayerViewController.xib */ = {isa = PBXFileReference; fileEncoding = 4; lastKnownFileType = file.xib; name = TPMusicPlayerViewController.xib; path = MusicPlayer/TPMusicPlayerViewController.xib; sourceTree = "<group>"; };
		A96018791579F8E000ED697F /* AutoScrollLabel.h */ = {isa = PBXFileReference; fileEncoding = 4; lastKnownFileType = sourcecode.c.h; name = AutoScrollLabel.h; path = MusicPlayer/AutoScrollLabel.h; sourceTree = "<group>"; };
		A960187A1579F8E000ED697F /* AutoScrollLabel.m */ = {isa = PBXFileReference; fileEncoding = 4; lastKnownFileType = sourcecode.c.objc; name = AutoScrollLabel.m; path = MusicPlayer/AutoScrollLabel.m; sourceTree = "<group>"; };
		A960187B1579F8E000ED697F /* NSDateFormatter+Duration.h */ = {isa = PBXFileReference; fileEncoding = 4; lastKnownFileType = sourcecode.c.h; name = "NSDateFormatter+Duration.h"; path = "MusicPlayer/NSDateFormatter+Duration.h"; sourceTree = "<group>"; };
		A960187C1579F8E000ED697F /* NSDateFormatter+Duration.m */ = {isa = PBXFileReference; fileEncoding = 4; lastKnownFileType = sourcecode.c.objc; name = "NSDateFormatter+Duration.m"; path = "MusicPlayer/NSDateFormatter+Duration.m"; sourceTree = "<group>"; };
		A960187D1579F8E000ED697F /* OBSlider.h */ = {isa = PBXFileReference; fileEncoding = 4; lastKnownFileType = sourcecode.c.h; name = OBSlider.h; path = MusicPlayer/OBSlider.h; sourceTree = "<group>"; };
		A960187E1579F8E000ED697F /* OBSlider.m */ = {isa = PBXFileReference; fileEncoding = 4; lastKnownFileType = sourcecode.c.objc; name = OBSlider.m; path = MusicPlayer/OBSlider.m; sourceTree = "<group>"; };
		A960187F1579F8E000ED697F /* UIImageView+Reflection.h */ = {isa = PBXFileReference; fileEncoding = 4; lastKnownFileType = sourcecode.c.h; name = "UIImageView+Reflection.h"; path = "MusicPlayer/UIImageView+Reflection.h"; sourceTree = "<group>"; };
		A96018801579F8E000ED697F /* UIImageView+Reflection.m */ = {isa = PBXFileReference; fileEncoding = 4; lastKnownFileType = sourcecode.c.objc; name = "UIImageView+Reflection.m"; path = "MusicPlayer/UIImageView+Reflection.m"; sourceTree = "<group>"; };
		A96018851579F99300ED697F /* MediaPlayer.framework */ = {isa = PBXFileReference; lastKnownFileType = wrapper.framework; name = MediaPlayer.framework; path = System/Library/Frameworks/MediaPlayer.framework; sourceTree = SDKROOT; };
		A96018871579FAD800ED697F /* QuartzCore.framework */ = {isa = PBXFileReference; lastKnownFileType = wrapper.framework; name = QuartzCore.framework; path = System/Library/Frameworks/QuartzCore.framework; sourceTree = SDKROOT; };
		A9601889157A4AED00ED697F /* backbutton@2x.png */ = {isa = PBXFileReference; lastKnownFileType = image.png; name = "backbutton@2x.png"; path = "Resources/backbutton@2x.png"; sourceTree = "<group>"; };
		A960188A157A4AED00ED697F /* fade_overlay@2x.png */ = {isa = PBXFileReference; lastKnownFileType = image.png; name = "fade_overlay@2x.png"; path = "Resources/fade_overlay@2x.png"; sourceTree = "<group>"; };
		A9F7132B15775F33004283F7 /* Tanplay.app */ = {isa = PBXFileReference; explicitFileType = wrapper.application; includeInIndex = 0; path = Tanplay.app; sourceTree = BUILT_PRODUCTS_DIR; };
		A9F7132F15775F33004283F7 /* UIKit.framework */ = {isa = PBXFileReference; lastKnownFileType = wrapper.framework; name = UIKit.framework; path = System/Library/Frameworks/UIKit.framework; sourceTree = SDKROOT; };
		A9F7133115775F33004283F7 /* Foundation.framework */ = {isa = PBXFileReference; lastKnownFileType = wrapper.framework; name = Foundation.framework; path = System/Library/Frameworks/Foundation.framework; sourceTree = SDKROOT; };
		A9F7133315775F33004283F7 /* CoreGraphics.framework */ = {isa = PBXFileReference; lastKnownFileType = wrapper.framework; name = CoreGraphics.framework; path = System/Library/Frameworks/CoreGraphics.framework; sourceTree = SDKROOT; };
		A9F7133715775F33004283F7 /* Tanplay-Info.plist */ = {isa = PBXFileReference; lastKnownFileType = text.plist.xml; path = "Tanplay-Info.plist"; sourceTree = "<group>"; };
		A9F7133915775F33004283F7 /* en */ = {isa = PBXFileReference; lastKnownFileType = text.plist.strings; name = en; path = en.lproj/InfoPlist.strings; sourceTree = "<group>"; };
		A9F7133B15775F33004283F7 /* main.m */ = {isa = PBXFileReference; lastKnownFileType = sourcecode.c.objc; path = main.m; sourceTree = "<group>"; };
		A9F7133D15775F33004283F7 /* Tanplay-Prefix.pch */ = {isa = PBXFileReference; lastKnownFileType = sourcecode.c.h; path = "Tanplay-Prefix.pch"; sourceTree = "<group>"; };
		A9F7133E15775F33004283F7 /* AppDelegate.h */ = {isa = PBXFileReference; lastKnownFileType = sourcecode.c.h; path = AppDelegate.h; sourceTree = "<group>"; };
		A9F7133F15775F33004283F7 /* AppDelegate.m */ = {isa = PBXFileReference; lastKnownFileType = sourcecode.c.objc; path = AppDelegate.m; sourceTree = "<group>"; };
		A9F7134415775F34004283F7 /* first.png */ = {isa = PBXFileReference; lastKnownFileType = image.png; path = first.png; sourceTree = "<group>"; };
		A9F7134615775F34004283F7 /* first@2x.png */ = {isa = PBXFileReference; lastKnownFileType = image.png; path = "first@2x.png"; sourceTree = "<group>"; };
		A9F7134B15775F34004283F7 /* second.png */ = {isa = PBXFileReference; lastKnownFileType = image.png; path = second.png; sourceTree = "<group>"; };
		A9F7134D15775F34004283F7 /* second@2x.png */ = {isa = PBXFileReference; lastKnownFileType = image.png; path = "second@2x.png"; sourceTree = "<group>"; };
		A9F713731579EE7A004283F7 /* TPEmptyViewController.h */ = {isa = PBXFileReference; fileEncoding = 4; lastKnownFileType = sourcecode.c.h; name = TPEmptyViewController.h; path = Controllers/TPEmptyViewController.h; sourceTree = "<group>"; };
		A9F713741579EE7A004283F7 /* TPEmptyViewController.m */ = {isa = PBXFileReference; fileEncoding = 4; lastKnownFileType = sourcecode.c.objc; name = TPEmptyViewController.m; path = Controllers/TPEmptyViewController.m; sourceTree = "<group>"; };
		A9F713751579EE7A004283F7 /* TPEmptyViewController.xib */ = {isa = PBXFileReference; fileEncoding = 4; lastKnownFileType = file.xib; name = TPEmptyViewController.xib; path = Controllers/TPEmptyViewController.xib; sourceTree = "<group>"; };
/* End PBXFileReference section */

/* Begin PBXFrameworksBuildPhase section */
		A9F7132815775F33004283F7 /* Frameworks */ = {
			isa = PBXFrameworksBuildPhase;
			buildActionMask = 2147483647;
			files = (
				6CCD4B3E157A7871001D7C72 /* CoreMedia.framework in Frameworks */,
				6CCD4B3C157A6D2F001D7C72 /* AVFoundation.framework in Frameworks */,
				A9F7133015775F33004283F7 /* UIKit.framework in Frameworks */,
				A9F7133215775F33004283F7 /* Foundation.framework in Frameworks */,
				A9F7133415775F33004283F7 /* CoreGraphics.framework in Frameworks */,
				A96018861579F99300ED697F /* MediaPlayer.framework in Frameworks */,
				A96018881579FAD800ED697F /* QuartzCore.framework in Frameworks */,
			);
			runOnlyForDeploymentPostprocessing = 0;
		};
/* End PBXFrameworksBuildPhase section */

/* Begin PBXGroup section */
		6C519D4D15790DEC00088700 /* Resouces */ = {
			isa = PBXGroup;
			children = (
				6CCD4B1D157A664C001D7C72 /* audio_btn_airplay_blue_h.png */,
				6CCD4B1E157A664C001D7C72 /* audio_btn_airplay_blue_h@2x.png */,
				6CCD4B1F157A664C001D7C72 /* cell_song.png */,
				6CCD4B20157A664C001D7C72 /* cell_song@2x.png */,
				A9601889157A4AED00ED697F /* backbutton@2x.png */,
				A960188A157A4AED00ED697F /* fade_overlay@2x.png */,
				6C519D7B157910A000088700 /* Icon.png */,
				6C519D7C157910A000088700 /* Icon@2x.png */,
				6C519D4F15790E0F00088700 /* nexttrack@2x.png */,
				6C519D5015790E0F00088700 /* noartplaceholder@2x.png */,
				6C519D5115790E0F00088700 /* pause@2x.png */,
				6C519D5215790E0F00088700 /* play@2x.png */,
				6C519D5315790E0F00088700 /* prevtrack@2x.png */,
				6C519D5415790E0F00088700 /* repeat_off@2x.png */,
				6C519D5515790E0F00088700 /* repeat_on_1@2x.png */,
				6C519D5615790E0F00088700 /* repeat_on@2x.png */,
				6C519D5715790E0F00088700 /* scrubberglow@2x.png */,
				6C519D5815790E0F00088700 /* shadow_highlight.png */,
				6C519D5915790E0F00088700 /* shadow.png */,
				6C519D5A15790E0F00088700 /* shuffle_off@2x.png */,
				6C519D5B15790E0F00088700 /* shuffle_on@2x.png */,
				6C519D5C15790E0F00088700 /* volume-slider-fat-filled@2x.png */,
				6C519D5D15790E0F00088700 /* volume-slider-fat-unfilled@2x.png */,
				6C519D5E15790E0F00088700 /* VolumeBlueCap@2x.png */,
				6C519D5F15790E0F00088700 /* VolumeBlueFill@2x.png */,
				6C519D6015790E0F00088700 /* VolumeBlueTrack@2x.png */,
				6C519D6115790E0F00088700 /* VolumeKnob@2x.png */,
				6C519D6215790E0F00088700 /* VolumeWhiteMusicCap@2x.png */,
				6C519D6315790E0F00088700 /* VolumeWhiteMusicFill@2x.png */,
				6C519D6415790E0F00088700 /* VolumeWhiteTrack@2x.png */,
			);
			name = Resouces;
			sourceTree = "<group>";
		};
		6C519D831579138E00088700 /* Controllers */ = {
			isa = PBXGroup;
			children = (
				6C519D841579145A00088700 /* TPLocalMusicViewController.h */,
				6C519D851579145A00088700 /* TPLocalMusicViewController.m */,
				6C519D861579145A00088700 /* TPLocalMusicViewController.xib */,
				A9F713731579EE7A004283F7 /* TPEmptyViewController.h */,
				A9F713741579EE7A004283F7 /* TPEmptyViewController.m */,
				A9F713751579EE7A004283F7 /* TPEmptyViewController.xib */,
			);
			name = Controllers;
			sourceTree = "<group>";
		};
		A960186D1579F6F900ED697F /* MusicPlayer */ = {
			isa = PBXGroup;
			children = (
				6CCD4B1A157A6073001D7C72 /* TPiPodProvider.h */,
				6CCD4B1B157A6073001D7C72 /* TPiPodProvider.m */,
				A96018791579F8E000ED697F /* AutoScrollLabel.h */,
				A960187A1579F8E000ED697F /* AutoScrollLabel.m */,
				A960187B1579F8E000ED697F /* NSDateFormatter+Duration.h */,
				A960187C1579F8E000ED697F /* NSDateFormatter+Duration.m */,
				A960187D1579F8E000ED697F /* OBSlider.h */,
				A960187E1579F8E000ED697F /* OBSlider.m */,
				A960187F1579F8E000ED697F /* UIImageView+Reflection.h */,
				A96018801579F8E000ED697F /* UIImageView+Reflection.m */,
				A96018711579F70800ED697F /* TPMusicPlayerDataSource.h */,
				A96018721579F70800ED697F /* TPMusicPlayerDelegate.h */,
				A96018731579F70800ED697F /* TPMusicPlayerViewController.h */,
				A96018741579F70800ED697F /* TPMusicPlayerViewController.m */,
				A96018751579F70800ED697F /* TPMusicPlayerViewController.xib */,
			);
			name = MusicPlayer;
			sourceTree = "<group>";
		};
		A9F7132015775F33004283F7 = {
			isa = PBXGroup;
			children = (
				A9F7133515775F33004283F7 /* Tanplay */,
				A9F7132E15775F33004283F7 /* Frameworks */,
				A9F7132C15775F33004283F7 /* Products */,
			);
			sourceTree = "<group>";
		};
		A9F7132C15775F33004283F7 /* Products */ = {
			isa = PBXGroup;
			children = (
				A9F7132B15775F33004283F7 /* Tanplay.app */,
			);
			name = Products;
			sourceTree = "<group>";
		};
		A9F7132E15775F33004283F7 /* Frameworks */ = {
			isa = PBXGroup;
			children = (
				6CCD4B3D157A7871001D7C72 /* CoreMedia.framework */,
				6CCD4B3B157A6D2F001D7C72 /* AVFoundation.framework */,
				A96018871579FAD800ED697F /* QuartzCore.framework */,
				A96018851579F99300ED697F /* MediaPlayer.framework */,
				A9F7132F15775F33004283F7 /* UIKit.framework */,
				A9F7133115775F33004283F7 /* Foundation.framework */,
				A9F7133315775F33004283F7 /* CoreGraphics.framework */,
			);
			name = Frameworks;
			sourceTree = "<group>";
		};
		A9F7133515775F33004283F7 /* Tanplay */ = {
			isa = PBXGroup;
			children = (
				A960186D1579F6F900ED697F /* MusicPlayer */,
				6C519D831579138E00088700 /* Controllers */,
				A9F7133E15775F33004283F7 /* AppDelegate.h */,
				A9F7133F15775F33004283F7 /* AppDelegate.m */,
				A9F7134415775F34004283F7 /* first.png */,
				A9F7134615775F34004283F7 /* first@2x.png */,
				A9F7134B15775F34004283F7 /* second.png */,
				A9F7134D15775F34004283F7 /* second@2x.png */,
				A9F7133615775F33004283F7 /* Supporting Files */,
				6C519D4D15790DEC00088700 /* Resouces */,
			);
			path = Tanplay;
			sourceTree = "<group>";
		};
		A9F7133615775F33004283F7 /* Supporting Files */ = {
			isa = PBXGroup;
			children = (
				A9F7133715775F33004283F7 /* Tanplay-Info.plist */,
				A9F7133815775F33004283F7 /* InfoPlist.strings */,
				A9F7133B15775F33004283F7 /* main.m */,
				A9F7133D15775F33004283F7 /* Tanplay-Prefix.pch */,
			);
			name = "Supporting Files";
			sourceTree = "<group>";
		};
/* End PBXGroup section */

/* Begin PBXNativeTarget section */
		A9F7132A15775F33004283F7 /* Tanplay */ = {
			isa = PBXNativeTarget;
			buildConfigurationList = A9F7135715775F34004283F7 /* Build configuration list for PBXNativeTarget "Tanplay" */;
			buildPhases = (
				A9F7132715775F33004283F7 /* Sources */,
				A9F7132815775F33004283F7 /* Frameworks */,
				A9F7132915775F33004283F7 /* Resources */,
			);
			buildRules = (
			);
			dependencies = (
			);
			name = Tanplay;
			productName = Tanplay;
			productReference = A9F7132B15775F33004283F7 /* Tanplay.app */;
			productType = "com.apple.product-type.application";
		};
/* End PBXNativeTarget section */

/* Begin PBXProject section */
		A9F7132215775F33004283F7 /* Project object */ = {
			isa = PBXProject;
			attributes = {
				LastUpgradeCheck = 0430;
			};
			buildConfigurationList = A9F7132515775F33004283F7 /* Build configuration list for PBXProject "Tanplay" */;
			compatibilityVersion = "Xcode 3.2";
			developmentRegion = English;
			hasScannedForEncodings = 0;
			knownRegions = (
				en,
			);
			mainGroup = A9F7132015775F33004283F7;
			productRefGroup = A9F7132C15775F33004283F7 /* Products */;
			projectDirPath = "";
			projectRoot = "";
			targets = (
				A9F7132A15775F33004283F7 /* Tanplay */,
			);
		};
/* End PBXProject section */

/* Begin PBXResourcesBuildPhase section */
		A9F7132915775F33004283F7 /* Resources */ = {
			isa = PBXResourcesBuildPhase;
			buildActionMask = 2147483647;
			files = (
				A9F7133A15775F33004283F7 /* InfoPlist.strings in Resources */,
				A9F7134515775F34004283F7 /* first.png in Resources */,
				A9F7134715775F34004283F7 /* first@2x.png in Resources */,
				A9F7134C15775F34004283F7 /* second.png in Resources */,
				A9F7134E15775F34004283F7 /* second@2x.png in Resources */,
				6C519D6515790E0F00088700 /* nexttrack@2x.png in Resources */,
				6C519D6615790E0F00088700 /* noartplaceholder@2x.png in Resources */,
				6C519D6715790E0F00088700 /* pause@2x.png in Resources */,
				6C519D6815790E0F00088700 /* play@2x.png in Resources */,
				6C519D6915790E0F00088700 /* prevtrack@2x.png in Resources */,
				6C519D6A15790E0F00088700 /* repeat_off@2x.png in Resources */,
				6C519D6B15790E0F00088700 /* repeat_on_1@2x.png in Resources */,
				6C519D6C15790E0F00088700 /* repeat_on@2x.png in Resources */,
				6C519D6D15790E0F00088700 /* scrubberglow@2x.png in Resources */,
				6C519D6E15790E0F00088700 /* shadow_highlight.png in Resources */,
				6C519D6F15790E0F00088700 /* shadow.png in Resources */,
				6C519D7015790E0F00088700 /* shuffle_off@2x.png in Resources */,
				6C519D7115790E0F00088700 /* shuffle_on@2x.png in Resources */,
				6C519D7215790E0F00088700 /* volume-slider-fat-filled@2x.png in Resources */,
				6C519D7315790E0F00088700 /* volume-slider-fat-unfilled@2x.png in Resources */,
				6C519D7415790E0F00088700 /* VolumeBlueCap@2x.png in Resources */,
				6C519D7515790E0F00088700 /* VolumeBlueFill@2x.png in Resources */,
				6C519D7615790E0F00088700 /* VolumeBlueTrack@2x.png in Resources */,
				6C519D7715790E0F00088700 /* VolumeKnob@2x.png in Resources */,
				6C519D7815790E0F00088700 /* VolumeWhiteMusicCap@2x.png in Resources */,
				6C519D7915790E0F00088700 /* VolumeWhiteMusicFill@2x.png in Resources */,
				6C519D7A15790E0F00088700 /* VolumeWhiteTrack@2x.png in Resources */,
				6C519D7D157910A000088700 /* Icon.png in Resources */,
				6C519D7E157910A000088700 /* Icon@2x.png in Resources */,
				6C519D881579145A00088700 /* TPLocalMusicViewController.xib in Resources */,
				A9F713771579EE7A004283F7 /* TPEmptyViewController.xib in Resources */,
				A96018781579F70800ED697F /* TPMusicPlayerViewController.xib in Resources */,
				A960188B157A4AEE00ED697F /* backbutton@2x.png in Resources */,
				A960188C157A4AEE00ED697F /* fade_overlay@2x.png in Resources */,
				6CCD4B21157A664C001D7C72 /* audio_btn_airplay_blue_h.png in Resources */,
				6CCD4B22157A664C001D7C72 /* audio_btn_airplay_blue_h@2x.png in Resources */,
				6CCD4B23157A664C001D7C72 /* cell_song.png in Resources */,
				6CCD4B24157A664C001D7C72 /* cell_song@2x.png in Resources */,
			);
			runOnlyForDeploymentPostprocessing = 0;
		};
/* End PBXResourcesBuildPhase section */

/* Begin PBXSourcesBuildPhase section */
		A9F7132715775F33004283F7 /* Sources */ = {
			isa = PBXSourcesBuildPhase;
			buildActionMask = 2147483647;
			files = (
				A9F7133C15775F33004283F7 /* main.m in Sources */,
				A9F7134015775F33004283F7 /* AppDelegate.m in Sources */,
				6C519D871579145A00088700 /* TPLocalMusicViewController.m in Sources */,
				A9F713761579EE7A004283F7 /* TPEmptyViewController.m in Sources */,
				A96018771579F70800ED697F /* TPMusicPlayerViewController.m in Sources */,
				A96018811579F8E000ED697F /* AutoScrollLabel.m in Sources */,
				A96018821579F8E000ED697F /* NSDateFormatter+Duration.m in Sources */,
				A96018831579F8E000ED697F /* OBSlider.m in Sources */,
				A96018841579F8E000ED697F /* UIImageView+Reflection.m in Sources */,
				6CCD4B1C157A6074001D7C72 /* TPiPodProvider.m in Sources */,
			);
			runOnlyForDeploymentPostprocessing = 0;
		};
/* End PBXSourcesBuildPhase section */

/* Begin PBXVariantGroup section */
		A9F7133815775F33004283F7 /* InfoPlist.strings */ = {
			isa = PBXVariantGroup;
			children = (
				A9F7133915775F33004283F7 /* en */,
			);
			name = InfoPlist.strings;
			sourceTree = "<group>";
		};
/* End PBXVariantGroup section */

/* Begin XCBuildConfiguration section */
		A9F7135515775F34004283F7 /* Debug */ = {
			isa = XCBuildConfiguration;
			buildSettings = {
				ALWAYS_SEARCH_USER_PATHS = NO;
				ARCHS = "$(ARCHS_STANDARD_32_BIT)";
				"CODE_SIGN_IDENTITY[sdk=iphoneos*]" = "iPhone Developer";
				COPY_PHASE_STRIP = NO;
				GCC_C_LANGUAGE_STANDARD = gnu99;
				GCC_DYNAMIC_NO_PIC = NO;
				GCC_OPTIMIZATION_LEVEL = 0;
				GCC_PREPROCESSOR_DEFINITIONS = (
					"DEBUG=1",
					"$(inherited)",
				);
				GCC_SYMBOLS_PRIVATE_EXTERN = NO;
				GCC_VERSION = com.apple.compilers.llvm.clang.1_0;
				GCC_WARN_ABOUT_RETURN_TYPE = YES;
				GCC_WARN_UNINITIALIZED_AUTOS = YES;
				GCC_WARN_UNUSED_VARIABLE = YES;
				IPHONEOS_DEPLOYMENT_TARGET = 4.0;
				SDKROOT = iphoneos;
			};
			name = Debug;
		};
		A9F7135615775F34004283F7 /* Release */ = {
			isa = XCBuildConfiguration;
			buildSettings = {
				ALWAYS_SEARCH_USER_PATHS = NO;
				ARCHS = "$(ARCHS_STANDARD_32_BIT)";
				"CODE_SIGN_IDENTITY[sdk=iphoneos*]" = "iPhone Developer";
				COPY_PHASE_STRIP = YES;
				GCC_C_LANGUAGE_STANDARD = gnu99;
				GCC_VERSION = com.apple.compilers.llvm.clang.1_0;
				GCC_WARN_ABOUT_RETURN_TYPE = YES;
				GCC_WARN_UNINITIALIZED_AUTOS = YES;
				GCC_WARN_UNUSED_VARIABLE = YES;
				IPHONEOS_DEPLOYMENT_TARGET = 4.0;
				OTHER_CFLAGS = "-DNS_BLOCK_ASSERTIONS=1";
				SDKROOT = iphoneos;
				VALIDATE_PRODUCT = YES;
			};
			name = Release;
		};
		A9F7135815775F34004283F7 /* Debug */ = {
			isa = XCBuildConfiguration;
			buildSettings = {
				GCC_PRECOMPILE_PREFIX_HEADER = YES;
				GCC_PREFIX_HEADER = "Tanplay/Tanplay-Prefix.pch";
				INFOPLIST_FILE = "Tanplay/Tanplay-Info.plist";
				PRODUCT_NAME = "$(TARGET_NAME)";
				WRAPPER_EXTENSION = app;
			};
			name = Debug;
		};
		A9F7135915775F34004283F7 /* Release */ = {
			isa = XCBuildConfiguration;
			buildSettings = {
				GCC_PRECOMPILE_PREFIX_HEADER = YES;
				GCC_PREFIX_HEADER = "Tanplay/Tanplay-Prefix.pch";
				INFOPLIST_FILE = "Tanplay/Tanplay-Info.plist";
				PRODUCT_NAME = "$(TARGET_NAME)";
				WRAPPER_EXTENSION = app;
			};
			name = Release;
		};
/* End XCBuildConfiguration section */

/* Begin XCConfigurationList section */
		A9F7132515775F33004283F7 /* Build configuration list for PBXProject "Tanplay" */ = {
			isa = XCConfigurationList;
			buildConfigurations = (
				A9F7135515775F34004283F7 /* Debug */,
				A9F7135615775F34004283F7 /* Release */,
			);
			defaultConfigurationIsVisible = 0;
			defaultConfigurationName = Release;
		};
		A9F7135715775F34004283F7 /* Build configuration list for PBXNativeTarget "Tanplay" */ = {
			isa = XCConfigurationList;
			buildConfigurations = (
				A9F7135815775F34004283F7 /* Debug */,
				A9F7135915775F34004283F7 /* Release */,
			);
			defaultConfigurationIsVisible = 0;
			defaultConfigurationName = Release;
		};
/* End XCConfigurationList section */
	};
	rootObject = A9F7132215775F33004283F7 /* Project object */;
}
